// !$*UTF8*$!
{
	archiveVersion = 1;
	classes = {
	};
	objectVersion = 77;
	objects = {

/* Begin PBXContainerItemProxy section */
		7DBD53A52FCD70EE00DEF8D6 /* PBXContainerItemProxy */ = {
			isa = PBXContainerItemProxy;
			containerPortal = 7DBD538F2FCD70EB00DEF8D6 /* Project object */;
			proxyType = 1;
			remoteGlobalIDString = 7DBD53962FCD70EC00DEF8D6;
			remoteInfo = Timekeeper;
		};
		7DBD53AF2FCD70EE00DEF8D6 /* PBXContainerItemProxy */ = {
			isa = PBXContainerItemProxy;
			containerPortal = 7DBD538F2FCD70EB00DEF8D6 /* Project object */;
			proxyType = 1;
			remoteGlobalIDString = 7DBD53962FCD70EC00DEF8D6;
			remoteInfo = Timekeeper;
		};
/* End PBXContainerItemProxy section */

/* Begin PBXFileReference section */
		7DBD53972FCD70EC00DEF8D6 /* Timekeeper.app */ = {isa = PBXFileReference; explicitFileType = wrapper.application; includeInIndex = 0; path = Timekeeper.app; sourceTree = BUILT_PRODUCTS_DIR; };
		7DBD53A42FCD70EE00DEF8D6 /* TimekeeperTests.xctest */ = {isa = PBXFileReference; explicitFileType = wrapper.cfbundle; includeInIndex = 0; path = TimekeeperTests.xctest; sourceTree = BUILT_PRODUCTS_DIR; };
		7DBD53AE2FCD70EE00DEF8D6 /* TimekeeperUITests.xctest */ = {isa = PBXFileReference; explicitFileType = wrapper.cfbundle; includeInIndex = 0; path = TimekeeperUITests.xctest; sourceTree = BUILT_PRODUCTS_DIR; };
/* End PBXFileReference section */

/* Begin PBXFileSystemSynchronizedRootGroup section */
		7DBD53992FCD70EC00DEF8D6 /* Timekeeper */ = {
			isa = PBXFileSystemSynchronizedRootGroup;
			path = Timekeeper;
			sourceTree = "<group>";
		};
		7DBD53A72FCD70EE00DEF8D6 /* TimekeeperTests */ = {
			isa = PBXFileSystemSynchronizedRootGroup;
			path = TimekeeperTests;
			sourceTree = "<group>";
		};
		7DBD53B12FCD70EE00DEF8D6 /* TimekeeperUITests */ = {
			isa = PBXFileSystemSynchronizedRootGroup;
			path = TimekeeperUITests;
			sourceTree = "<group>";
		};
/* End PBXFileSystemSynchronizedRootGroup section */

/* Begin PBXFrameworksBuildPhase section */
		7DBD53942FCD70EC00DEF8D6 /* Frameworks */ = {
			isa = PBXFrameworksBuildPhase;
			buildActionMask = 2147483647;
			files = (
			);
			runOnlyForDeploymentPostprocessing = 0;
		};
		7DBD53A12FCD70EE00DEF8D6 /* Frameworks */ = {
			isa = PBXFrameworksBuildPhase;
			buildActionMask = 2147483647;
			files = (
			);
			runOnlyForDeploymentPostprocessing = 0;
		};
		7DBD53AB2FCD70EE00DEF8D6 /* Frameworks */ = {
			isa = PBXFrameworksBuildPhase;
			buildActionMask = 2147483647;
			files = (
			);
			runOnlyForDeploymentPostprocessing = 0;
		};
/* End PBXFrameworksBuildPhase section */

/* Begin PBXGroup section */
		7DBD538E2FCD70EB00DEF8D6 = {
			isa = PBXGroup;
			children = (
				7DBD53992FCD70EC00DEF8D6 /* Timekeeper */,
				7DBD53A72FCD70EE00DEF8D6 /* TimekeeperTests */,
				7DBD53B12FCD70EE00DEF8D6 /* TimekeeperUITests */,
				7DBD53982FCD70EC00DEF8D6 /* Products */,
			);
			sourceTree = "<group>";
		};
		7DBD53982FCD70EC00DEF8D6 /* Products */ = {
			isa = PBXGroup;
			children = (
				7DBD53972FCD70EC00DEF8D6 /* Timekeeper.app */,
				7DBD53A42FCD70EE00DEF8D6 /* TimekeeperTests.xctest */,
				7DBD53AE2FCD70EE00DEF8D6 /* TimekeeperUITests.xctest */,
			);
			name = Products;
			sourceTree = "<group>";
		};
/* End PBXGroup section */

/* Begin PBXNativeTarget section */
		7DBD53962FCD70EC00DEF8D6 /* Timekeeper */ = {
			isa = PBXNativeTarget;
			buildConfigurationList = 7DBD53B82FCD70EE00DEF8D6 /* Build configuration list for PBXNativeTarget "Timekeeper" */;
			buildPhases = (
				7DBD53932FCD70EC00DEF8D6 /* Sources */,
				7DBD53942FCD70EC00DEF8D6 /* Frameworks */,
				7DBD53952FCD70EC00DEF8D6 /* Resources */,
			);
			buildRules = (
			);
			dependencies = (
			);
			fileSystemSynchronizedGroups = (
				7DBD53992FCD70EC00DEF8D6 /* Timekeeper */,
			);
			name = Timekeeper;
			packageProductDependencies = (
			);
			productName = Timekeeper;
			productReference = 7DBD53972FCD70EC00DEF8D6 /* Timekeeper.app */;
			productType = "com.apple.product-type.application";
		};
		7DBD53A32FCD70EE00DEF8D6 /* TimekeeperTests */ = {
			isa = PBXNativeTarget;
			buildConfigurationList = 7DBD53BB2FCD70EE00DEF8D6 /* Build configuration list for PBXNativeTarget "TimekeeperTests" */;
			buildPhases = (
				7DBD53A02FCD70EE00DEF8D6 /* Sources */,
				7DBD53A12FCD70EE00DEF8D6 /* Frameworks */,
				7DBD53A22FCD70EE00DEF8D6 /* Resources */,
			);
			buildRules = (
			);
			dependencies = (
				7DBD53A62FCD70EE00DEF8D6 /* PBXTargetDependency */,
			);
			fileSystemSynchronizedGroups = (
				7DBD53A72FCD70EE00DEF8D6 /* TimekeeperTests */,
			);
			name = TimekeeperTests;
			packageProductDependencies = (
			);
			productName = TimekeeperTests;
			productReference = 7DBD53A42FCD70EE00DEF8D6 /* TimekeeperTests.xctest */;
			productType = "com.apple.product-type.bundle.unit-test";
		};
		7DBD53AD2FCD70EE00DEF8D6 /* TimekeeperUITests */ = {
			isa = PBXNativeTarget;
			buildConfigurationList = 7DBD53BE2FCD70EE00DEF8D6 /* Build configuration list for PBXNativeTarget "TimekeeperUITests" */;
			buildPhases = (
				7DBD53AA2FCD70EE00DEF8D6 /* Sources */,
				7DBD53AB2FCD70EE00DEF8D6 /* Frameworks */,
				7DBD53AC2FCD70EE00DEF8D6 /* Resources */,
			);
			buildRules = (
			);
			dependencies = (
				7DBD53B02FCD70EE00DEF8D6 /* PBXTargetDependency */,
			);
			fileSystemSynchronizedGroups = (
				7DBD53B12FCD70EE00DEF8D6 /* TimekeeperUITests */,
			);
			name = TimekeeperUITests;
			packageProductDependencies = (
			);
			productName = TimekeeperUITests;
			productReference = 7DBD53AE2FCD70EE00DEF8D6 /* TimekeeperUITests.xctest */;
			productType = "com.apple.product-type.bundle.ui-testing";
		};
/* End PBXNativeTarget section */

/* Begin PBXProject section */
		7DBD538F2FCD70EB00DEF8D6 /* Project object */ = {
			isa = PBXProject;
			attributes = {
				BuildIndependentTargetsInParallel = 1;
				LastSwiftUpdateCheck = 2640;
				LastUpgradeCheck = 2640;
				TargetAttributes = {
					7DBD53962FCD70EC00DEF8D6 = {
						CreatedOnToolsVersion = 26.4.1;
					};
					7DBD53A32FCD70EE00DEF8D6 = {
						CreatedOnToolsVersion = 26.4.1;
						TestTargetID = 7DBD53962FCD70EC00DEF8D6;
					};
					7DBD53AD2FCD70EE00DEF8D6 = {
						CreatedOnToolsVersion = 26.4.1;
						TestTargetID = 7DBD53962FCD70EC00DEF8D6;
					};
				};
			};
			buildConfigurationList = 7DBD53922FCD70EB00DEF8D6 /* Build configuration list for PBXProject "Timekeeper" */;
			developmentRegion = en;
			hasScannedForEncodings = 0;
			knownRegions = (
				en,
				Base,
			);
			mainGroup = 7DBD538E2FCD70EB00DEF8D6;
			minimizedProjectReferenceProxies = 1;
			preferredProjectObjectVersion = 77;
			productRefGroup = 7DBD53982FCD70EC00DEF8D6 /* Products */;
			projectDirPath = "";
			projectRoot = "";
			targets = (
				7DBD53962FCD70EC00DEF8D6 /* Timekeeper */,
				7DBD53A32FCD70EE00DEF8D6 /* TimekeeperTests */,
				7DBD53AD2FCD70EE00DEF8D6 /* TimekeeperUITests */,
			);
		};
/* End PBXProject section */

/* Begin PBXResourcesBuildPhase section */
		7DBD53952FCD70EC00DEF8D6 /* Resources */ = {
			isa = PBXResourcesBuildPhase;
			buildActionMask = 2147483647;
			files = (
			);
			runOnlyForDeploymentPostprocessing = 0;
		};
		7DBD53A22FCD70EE00DEF8D6 /* Resources */ = {
			isa = PBXResourcesBuildPhase;
			buildActionMask = 2147483647;
			files = (
			);
			runOnlyForDeploymentPostprocessing = 0;
		};
		7DBD53AC2FCD70EE00DEF8D6 /* Resources */ = {
			isa = PBXResourcesBuildPhase;
			buildActionMask = 2147483647;
			files = (
			);
			runOnlyForDeploymentPostprocessing = 0;
		};
/* End PBXResourcesBuildPhase section */

/* Begin PBXSourcesBuildPhase section */
		7DBD53932FCD70EC00DEF8D6 /* Sources */ = {
			isa = PBXSourcesBuildPhase;
			buildActionMask = 2147483647;
			files = (
			);
			runOnlyForDeploymentPostprocessing = 0;
		};
		7DBD53A02FCD70EE00DEF8D6 /* Sources */ = {
			isa = PBXSourcesBuildPhase;
			buildActionMask = 2147483647;
			files = (
			);
			runOnlyForDeploymentPostprocessing = 0;
		};
		7DBD53AA2FCD70EE00DEF8D6 /* Sources */ = {
			isa = PBXSourcesBuildPhase;
			buildActionMask = 2147483647;
			files = (
			);
			runOnlyForDeploymentPostprocessing = 0;
		};
/* End PBXSourcesBuildPhase section */

/* Begin PBXTargetDependency section */
		7DBD53A62FCD70EE00DEF8D6 /* PBXTargetDependency */ = {
			isa = PBXTargetDependency;
			target = 7DBD53962FCD70EC00DEF8D6 /* Timekeeper */;
			targetProxy = 7DBD53A52FCD70EE00DEF8D6 /* PBXContainerItemProxy */;
		};
		7DBD53B02FCD70EE00DEF8D6 /* PBXTargetDependency */ = {
			isa = PBXTargetDependency;
			target = 7DBD53962FCD70EC00DEF8D6 /* Timekeeper */;
			targetProxy = 7DBD53AF2FCD70EE00DEF8D6 /* PBXContainerItemProxy */;
		};
/* End PBXTargetDependency section */

/* Begin XCBuildConfiguration section */
		7DBD53B62FCD70EE00DEF8D6 /* Debug */ = {
			isa = XCBuildConfiguration;
			buildSettings = {
				ALWAYS_SEARCH_USER_PATHS = NO;
				ASSETCATALOG_COMPILER_GENERATE_SWIFT_ASSET_SYMBOL_EXTENSIONS = YES;
				CLANG_ANALYZER_NONNULL = YES;
				CLANG_ANALYZER_NUMBER_OBJECT_CONVERSION = YES_AGGRESSIVE;
				CLANG_CXX_LANGUAGE_STANDARD = "gnu++20";
				CLANG_ENABLE_MODULES = YES;
				CLANG_ENABLE_OBJC_ARC = YES;
				CLANG_ENABLE_OBJC_WEAK = YES;
				CLANG_WARN_BLOCK_CAPTURE_AUTORELEASING = YES;
				CLANG_WARN_BOOL_CONVERSION = YES;
				CLANG_WARN_COMMA = YES;
				CLANG_WARN_CONSTANT_CONVERSION = YES;
				CLANG_WARN_DEPRECATED_OBJC_IMPLEMENTATIONS = YES;
				CLANG_WARN_DIRECT_OBJC_ISA_USAGE = YES_ERROR;
				CLANG_WARN_DOCUMENTATION_COMMENTS = YES;
				CLANG_WARN_EMPTY_BODY = YES;
				CLANG_WARN_ENUM_CONVERSION = YES;
				CLANG_WARN_INFINITE_RECURSION = YES;
				CLANG_WARN_INT_CONVERSION = YES;
				CLANG_WARN_NON_LITERAL_NULL_CONVERSION = YES;
				CLANG_WARN_OBJC_IMPLICIT_RETAIN_SELF = YES;
				CLANG_WARN_OBJC_LITERAL_CONVERSION = YES;
				CLANG_WARN_OBJC_ROOT_CLASS = YES_ERROR;
				CLANG_WARN_QUOTED_INCLUDE_IN_FRAMEWORK_HEADER = YES;
				CLANG_WARN_RANGE_LOOP_ANALYSIS = YES;
				CLANG_WARN_STRICT_PROTOTYPES = YES;
				CLANG_WARN_SUSPICIOUS_MOVE = YES;
				CLANG_WARN_UNGUARDED_AVAILABILITY = YES_AGGRESSIVE;
				CLANG_WARN_UNREACHABLE_CODE = YES;
				CLANG_WARN__DUPLICATE_METHOD_MATCH = YES;
				COPY_PHASE_STRIP = NO;
				DEBUG_INFORMATION_FORMAT = dwarf;
				ENABLE_STRICT_OBJC_MSGSEND = YES;
				ENABLE_TESTABILITY = YES;
				ENABLE_USER_SCRIPT_SANDBOXING = YES;
				GCC_C_LANGUAGE_STANDARD = gnu17;
				GCC_DYNAMIC_NO_PIC = NO;
				GCC_NO_COMMON_BLOCKS = YES;
				GCC_OPTIMIZATION_LEVEL = 0;
				GCC_PREPROCESSOR_DEFINITIONS = (
					"DEBUG=1",
					"$(inherited)",
				);
				GCC_WARN_64_TO_32_BIT_CONVERSION = YES;
				GCC_WARN_ABOUT_RETURN_TYPE = YES_ERROR;
				GCC_WARN_UNDECLARED_SELECTOR = YES;
				GCC_WARN_UNINITIALIZED_AUTOS = YES_AGGRESSIVE;
				GCC_WARN_UNUSED_FUNCTION = YES;
				GCC_WARN_UNUSED_VARIABLE = YES;
				IPHONEOS_DEPLOYMENT_TARGET = 26.4;
				LOCALIZATION_PREFERS_STRING_CATALOGS = YES;
				MTL_ENABLE_DEBUG_INFO = INCLUDE_SOURCE;
				MTL_FAST_MATH = YES;
				ONLY_ACTIVE_ARCH = YES;
				SDKROOT = iphoneos;
				SWIFT_ACTIVE_COMPILATION_CONDITIONS = "DEBUG $(inherited)";
				SWIFT_OPTIMIZATION_LEVEL = "-Onone";
			};
			name = Debug;
		};
		7DBD53B72FCD70EE00DEF8D6 /* Release */ = {
			isa = XCBuildConfiguration;
			buildSettings = {
				ALWAYS_SEARCH_USER_PATHS = NO;
				ASSETCATALOG_COMPILER_GENERATE_SWIFT_ASSET_SYMBOL_EXTENSIONS = YES;
				CLANG_ANALYZER_NONNULL = YES;
				CLANG_ANALYZER_NUMBER_OBJECT_CONVERSION = YES_AGGRESSIVE;
				CLANG_CXX_LANGUAGE_STANDARD = "gnu++20";
				CLANG_ENABLE_MODULES = YES;
				CLANG_ENABLE_OBJC_ARC = YES;
				CLANG_ENABLE_OBJC_WEAK = YES;
				CLANG_WARN_BLOCK_CAPTURE_AUTORELEASING = YES;
				CLANG_WARN_BOOL_CONVERSION = YES;
				CLANG_WARN_COMMA = YES;
				CLANG_WARN_CONSTANT_CONVERSION = YES;
				CLANG_WARN_DEPRECATED_OBJC_IMPLEMENTATIONS = YES;
				CLANG_WARN_DIRECT_OBJC_ISA_USAGE = YES_ERROR;
				CLANG_WARN_DOCUMENTATION_COMMENTS = YES;
				CLANG_WARN_EMPTY_BODY = YES;
				CLANG_WARN_ENUM_CONVERSION = YES;
				CLANG_WARN_INFINITE_RECURSION = YES;
				CLANG_WARN_INT_CONVERSION = YES;
				CLANG_WARN_NON_LITERAL_NULL_CONVERSION = YES;
				CLANG_WARN_OBJC_IMPLICIT_RETAIN_SELF = YES;
				CLANG_WARN_OBJC_LITERAL_CONVERSION = YES;
				CLANG_WARN_OBJC_ROOT_CLASS = YES_ERROR;
				CLANG_WARN_QUOTED_INCLUDE_IN_FRAMEWORK_HEADER = YES;
				CLANG_WARN_RANGE_LOOP_ANALYSIS = YES;
				CLANG_WARN_STRICT_PROTOTYPES = YES;
				CLANG_WARN_SUSPICIOUS_MOVE = YES;
				CLANG_WARN_UNGUARDED_AVAILABILITY = YES_AGGRESSIVE;
				CLANG_WARN_UNREACHABLE_CODE = YES;
				CLANG_WARN__DUPLICATE_METHOD_MATCH = YES;
				COPY_PHASE_STRIP = NO;
				DEBUG_INFORMATION_FORMAT = "dwarf-with-dsym";
				ENABLE_NS_ASSERTIONS = NO;
				ENABLE_STRICT_OBJC_MSGSEND = YES;
				ENABLE_USER_SCRIPT_SANDBOXING = YES;
				GCC_C_LANGUAGE_STANDARD = gnu17;
				GCC_NO_COMMON_BLOCKS = YES;
				GCC_WARN_64_TO_32_BIT_CONVERSION = YES;
				GCC_WARN_ABOUT_RETURN_TYPE = YES_ERROR;
				GCC_WARN_UNDECLARED_SELECTOR = YES;
				GCC_WARN_UNINITIALIZED_AUTOS = YES_AGGRESSIVE;
				GCC_WARN_UNUSED_FUNCTION = YES;
				GCC_WARN_UNUSED_VARIABLE = YES;
				IPHONEOS_DEPLOYMENT_TARGET = 26.4;
				LOCALIZATION_PREFERS_STRING_CATALOGS = YES;
				MTL_ENABLE_DEBUG_INFO = NO;
				MTL_FAST_MATH = YES;
				SDKROOT = iphoneos;
				SWIFT_COMPILATION_MODE = wholemodule;
				VALIDATE_PRODUCT = YES;
			};
			name = Release;
		};
		7DBD53B92FCD70EE00DEF8D6 /* Debug */ = {
			isa = XCBuildConfiguration;
			buildSettings = {
				ASSETCATALOG_COMPILER_APPICON_NAME = AppIcon;
				ASSETCATALOG_COMPILER_GLOBAL_ACCENT_COLOR_NAME = AccentColor;
				CODE_SIGN_STYLE = Automatic;
				CURRENT_PROJECT_VERSION = 1;
				ENABLE_PREVIEWS = YES;
				GENERATE_INFOPLIST_FILE = YES;
				INFOPLIST_KEY_UIApplicationSceneManifest_Generation = YES;
				INFOPLIST_KEY_UIApplicationSupportsIndirectInputEvents = YES;
				INFOPLIST_KEY_UILaunchScreen_Generation = YES;
				INFOPLIST_KEY_UISupportedInterfaceOrientations_iPad = "UIInterfaceOrientationPortrait UIInterfaceOrientationPortraitUpsideDown UIInterfaceOrientationLandscapeLeft UIInterfaceOrientationLandscapeRight";
				INFOPLIST_KEY_UISupportedInterfaceOrientations_iPhone = "UIInterfaceOrientationPortrait UIInterfaceOrientationLandscapeLeft UIInterfaceOrientationLandscapeRight";
				LD_RUNPATH_SEARCH_PATHS = (
					"$(inherited)",
					"@executable_path/Frameworks",
				);
				MARKETING_VERSION = 1.0;
				PRODUCT_BUNDLE_IDENTIFIER = com.shb.Timekeeper;
				PRODUCT_NAME = "$(TARGET_NAME)";
				STRING_CATALOG_GENERATE_SYMBOLS = YES;
				SWIFT_APPROACHABLE_CONCURRENCY = YES;
				SWIFT_DEFAULT_ACTOR_ISOLATION = MainActor;
				SWIFT_EMIT_LOC_STRINGS = YES;
				SWIFT_UPCOMING_FEATURE_MEMBER_IMPORT_VISIBILITY = YES;
				SWIFT_VERSION = 5.0;
				TARGETED_DEVICE_FAMILY = "1,2";
			};
			name = Debug;
		};
		7DBD53BA2FCD70EE00DEF8D6 /* Release */ = {
			isa = XCBuildConfiguration;
			buildSettings = {
				ASSETCATALOG_COMPILER_APPICON_NAME = AppIcon;
				ASSETCATALOG_COMPILER_GLOBAL_ACCENT_COLOR_NAME = AccentColor;
				CODE_SIGN_STYLE = Automatic;
				CURRENT_PROJECT_VERSION = 1;
				ENABLE_PREVIEWS = YES;
				GENERATE_INFOPLIST_FILE = YES;
				INFOPLIST_KEY_UIApplicationSceneManifest_Generation = YES;
				INFOPLIST_KEY_UIApplicationSupportsIndirectInputEvents = YES;
				INFOPLIST_KEY_UILaunchScreen_Generation = YES;
				INFOPLIST_KEY_UISupportedInterfaceOrientations_iPad = "UIInterfaceOrientationPortrait UIInterfaceOrientationPortraitUpsideDown UIInterfaceOrientationLandscapeLeft UIInterfaceOrientationLandscapeRight";
				INFOPLIST_KEY_UISupportedInterfaceOrientations_iPhone = "UIInterfaceOrientationPortrait UIInterfaceOrientationLandscapeLeft UIInterfaceOrientationLandscapeRight";
				LD_RUNPATH_SEARCH_PATHS = (
					"$(inherited)",
					"@executable_path/Frameworks",
				);
				MARKETING_VERSION = 1.0;
				PRODUCT_BUNDLE_IDENTIFIER = com.shb.Timekeeper;
				PRODUCT_NAME = "$(TARGET_NAME)";
				STRING_CATALOG_GENERATE_SYMBOLS = YES;
				SWIFT_APPROACHABLE_CONCURRENCY = YES;
				SWIFT_DEFAULT_ACTOR_ISOLATION = MainActor;
				SWIFT_EMIT_LOC_STRINGS = YES;
				SWIFT_UPCOMING_FEATURE_MEMBER_IMPORT_VISIBILITY = YES;
				SWIFT_VERSION = 5.0;
				TARGETED_DEVICE_FAMILY = "1,2";
			};
			name = Release;
		};
		7DBD53BC2FCD70EE00DEF8D6 /* Debug */ = {
			isa = XCBuildConfiguration;
			buildSettings = {
				BUNDLE_LOADER = "$(TEST_HOST)";
				CODE_SIGN_STYLE = Automatic;
				CURRENT_PROJECT_VERSION = 1;
				GENERATE_INFOPLIST_FILE = YES;
				IPHONEOS_DEPLOYMENT_TARGET = 26.4;
				MARKETING_VERSION = 1.0;
				PRODUCT_BUNDLE_IDENTIFIER = com.shb.TimekeeperTests;
				PRODUCT_NAME = "$(TARGET_NAME)";
				STRING_CATALOG_GENERATE_SYMBOLS = NO;
				SWIFT_APPROACHABLE_CONCURRENCY = YES;
				SWIFT_EMIT_LOC_STRINGS = NO;
				SWIFT_UPCOMING_FEATURE_MEMBER_IMPORT_VISIBILITY = YES;
				SWIFT_VERSION = 5.0;
				TARGETED_DEVICE_FAMILY = "1,2";
				TEST_HOST = "$(BUILT_PRODUCTS_DIR)/Timekeeper.app/$(BUNDLE_EXECUTABLE_FOLDER_PATH)/Timekeeper";
			};
			name = Debug;
		};
		7DBD53BD2FCD70EE00DEF8D6 /* Release */ = {
			isa = XCBuildConfiguration;
			buildSettings = {
				BUNDLE_LOADER = "$(TEST_HOST)";
				CODE_SIGN_STYLE = Automatic;
				CURRENT_PROJECT_VERSION = 1;
				GENERATE_INFOPLIST_FILE = YES;
				IPHONEOS_DEPLOYMENT_TARGET = 26.4;
				MARKETING_VERSION = 1.0;
				PRODUCT_BUNDLE_IDENTIFIER = com.shb.TimekeeperTests;
				PRODUCT_NAME = "$(TARGET_NAME)";
				STRING_CATALOG_GENERATE_SYMBOLS = NO;
				SWIFT_APPROACHABLE_CONCURRENCY = YES;
				SWIFT_EMIT_LOC_STRINGS = NO;
				SWIFT_UPCOMING_FEATURE_MEMBER_IMPORT_VISIBILITY = YES;
				SWIFT_VERSION = 5.0;
				TARGETED_DEVICE_FAMILY = "1,2";
				TEST_HOST = "$(BUILT_PRODUCTS_DIR)/Timekeeper.app/$(BUNDLE_EXECUTABLE_FOLDER_PATH)/Timekeeper";
			};
			name = Release;
		};
		7DBD53BF2FCD70EE00DEF8D6 /* Debug */ = {
			isa = XCBuildConfiguration;
			buildSettings = {
				CODE_SIGN_STYLE = Automatic;
				CURRENT_PROJECT_VERSION = 1;
				GENERATE_INFOPLIST_FILE = YES;
				MARKETING_VERSION = 1.0;
				PRODUCT_BUNDLE_IDENTIFIER = com.shb.TimekeeperUITests;
				PRODUCT_NAME = "$(TARGET_NAME)";
				STRING_CATALOG_GENERATE_SYMBOLS = NO;
				SWIFT_APPROACHABLE_CONCURRENCY = YES;
				SWIFT_EMIT_LOC_STRINGS = NO;
				SWIFT_UPCOMING_FEATURE_MEMBER_IMPORT_VISIBILITY = YES;
				SWIFT_VERSION = 5.0;
				TARGETED_DEVICE_FAMILY = "1,2";
				TEST_TARGET_NAME = Timekeeper;
			};
			name = Debug;
		};
		7DBD53C02FCD70EE00DEF8D6 /* Release */ = {
			isa = XCBuildConfiguration;
			buildSettings = {
				CODE_SIGN_STYLE = Automatic;
				CURRENT_PROJECT_VERSION = 1;
				GENERATE_INFOPLIST_FILE = YES;
				MARKETING_VERSION = 1.0;
				PRODUCT_BUNDLE_IDENTIFIER = com.shb.TimekeeperUITests;
				PRODUCT_NAME = "$(TARGET_NAME)";
				STRING_CATALOG_GENERATE_SYMBOLS = NO;
				SWIFT_APPROACHABLE_CONCURRENCY = YES;
				SWIFT_EMIT_LOC_STRINGS = NO;
				SWIFT_UPCOMING_FEATURE_MEMBER_IMPORT_VISIBILITY = YES;
				SWIFT_VERSION = 5.0;
				TARGETED_DEVICE_FAMILY = "1,2";
				TEST_TARGET_NAME = Timekeeper;
			};
			name = Release;
		};
/* End XCBuildConfiguration section */

/* Begin XCConfigurationList section */
		7DBD53922FCD70EB00DEF8D6 /* Build configuration list for PBXProject "Timekeeper" */ = {
			isa = XCConfigurationList;
			buildConfigurations = (
				7DBD53B62FCD70EE00DEF8D6 /* Debug */,
				7DBD53B72FCD70EE00DEF8D6 /* Release */,
			);
			defaultConfigurationIsVisible = 0;
			defaultConfigurationName = Release;
		};
		7DBD53B82FCD70EE00DEF8D6 /* Build configuration list for PBXNativeTarget "Timekeeper" */ = {
			isa = XCConfigurationList;
			buildConfigurations = (
				7DBD53B92FCD70EE00DEF8D6 /* Debug */,
				7DBD53BA2FCD70EE00DEF8D6 /* Release */,
			);
			defaultConfigurationIsVisible = 0;
			defaultConfigurationName = Release;
		};
		7DBD53BB2FCD70EE00DEF8D6 /* Build configuration list for PBXNativeTarget "TimekeeperTests" */ = {
			isa = XCConfigurationList;
			buildConfigurations = (
				7DBD53BC2FCD70EE00DEF8D6 /* Debug */,
				7DBD53BD2FCD70EE00DEF8D6 /* Release */,
			);
			defaultConfigurationIsVisible = 0;
			defaultConfigurationName = Release;
		};
		7DBD53BE2FCD70EE00DEF8D6 /* Build configuration list for PBXNativeTarget "TimekeeperUITests" */ = {
			isa = XCConfigurationList;
			buildConfigurations = (
				7DBD53BF2FCD70EE00DEF8D6 /* Debug */,
				7DBD53C02FCD70EE00DEF8D6 /* Release */,
			);
			defaultConfigurationIsVisible = 0;
			defaultConfigurationName = Release;
		};
/* End XCConfigurationList section */
	};
	rootObject = 7DBD538F2FCD70EB00DEF8D6 /* Project object */;
}
